// !$*UTF8*$!
{
	archiveVersion = 1;
	classes = {
	};
	objectVersion = 55;
	objects = {

/* Begin PBXBuildFile section */
		C640ED26286ED5CE00D7FB6D /* HCard.swift in Sources */ = {isa = PBXBuildFile; fileRef = C640ED25286ED5CE00D7FB6D /* HCard.swift */; };
		C640ED28286EDB6700D7FB6D /* HomeView.swift in Sources */ = {isa = PBXBuildFile; fileRef = C640ED27286EDB6700D7FB6D /* HomeView.swift */; };
		C640ED2A286EDFB300D7FB6D /* SideMenu.swift in Sources */ = {isa = PBXBuildFile; fileRef = C640ED29286EDFB300D7FB6D /* SideMenu.swift */; };
		C640ED2C286EF19600D7FB6D /* MenuRow.swift in Sources */ = {isa = PBXBuildFile; fileRef = C640ED2B286EF19600D7FB6D /* MenuRow.swift */; };
		C679A5D7286D814400950C8F /* RiveAnimationApp.swift in Sources */ = {isa = PBXBuildFile; fileRef = C679A5D6286D814400950C8F /* RiveAnimationApp.swift */; };
		C679A5D9286D814400950C8F /* ContentView.swift in Sources */ = {isa = PBXBuildFile; fileRef = C679A5D8286D814400950C8F /* ContentView.swift */; };
		C679A5DB286D814600950C8F /* Assets.xcassets in Resources */ = {isa = PBXBuildFile; fileRef = C679A5DA286D814600950C8F /* Assets.xcassets */; };
		C679A5DE286D814600950C8F /* Preview Assets.xcassets in Resources */ = {isa = PBXBuildFile; fileRef = C679A5DD286D814600950C8F /* Preview Assets.xcassets */; };
		C679A5E8286D827800950C8F /* RiveRuntime in Frameworks */ = {isa = PBXBuildFile; productRef = C679A5E7286D827800950C8F /* RiveRuntime */; };
		C679A5EA286D82EA00950C8F /* OnboardingView.swift in Sources */ = {isa = PBXBuildFile; fileRef = C679A5E9286D82EA00950C8F /* OnboardingView.swift */; };
		C679A5EC286D843200950C8F /* shapes.riv in Resources */ = {isa = PBXBuildFile; fileRef = C679A5EB286D843200950C8F /* shapes.riv */; };
		C679A5F3286D845300950C8F /* menu_button.riv in Resources */ = {isa = PBXBuildFile; fileRef = C679A5ED286D845300950C8F /* menu_button.riv */; };
		C679A5F4286D845300950C8F /* confetti.riv in Resources */ = {isa = PBXBuildFile; fileRef = C679A5EE286D845300950C8F /* confetti.riv */; };
		C679A5F5286D845300950C8F /* house.riv in Resources */ = {isa = PBXBuildFile; fileRef = C679A5EF286D845300950C8F /* house.riv */; };
		C679A5F6286D845300950C8F /* icons.riv in Resources */ = {isa = PBXBuildFile; fileRef = C679A5F0286D845300950C8F /* icons.riv */; };
		C679A5F7286D845300950C8F /* check.riv in Resources */ = {isa = PBXBuildFile; fileRef = C679A5F1286D845300950C8F /* check.riv */; };
		C679A5F8286D845300950C8F /* button.riv in Resources */ = {isa = PBXBuildFile; fileRef = C679A5F2286D845300950C8F /* button.riv */; };
		C679A600286DA94000950C8F /* Inter-Regular.ttf in Resources */ = {isa = PBXBuildFile; fileRef = C679A5FD286DA94000950C8F /* Inter-Regular.ttf */; };
		C679A601286DA94000950C8F /* Poppins-Bold.ttf in Resources */ = {isa = PBXBuildFile; fileRef = C679A5FE286DA94000950C8F /* Poppins-Bold.ttf */; };
		C679A602286DA94000950C8F /* Inter-SemiBold.ttf in Resources */ = {isa = PBXBuildFile; fileRef = C679A5FF286DA94000950C8F /* Inter-SemiBold.ttf */; };
		C679A605286DAADD00950C8F /* CustomFont.swift in Sources */ = {isa = PBXBuildFile; fileRef = C679A604286DAADD00950C8F /* CustomFont.swift */; };
		C679A607286DB13D00950C8F /* SignInView.swift in Sources */ = {isa = PBXBuildFile; fileRef = C679A606286DB13D00950C8F /* SignInView.swift */; };
		C679A609286DB5A000950C8F /* CustomTextField.swift in Sources */ = {isa = PBXBuildFile; fileRef = C679A608286DB5A000950C8F /* CustomTextField.swift */; };
		C679A60B286DB87300950C8F /* Extensions.swift in Sources */ = {isa = PBXBuildFile; fileRef = C679A60A286DB87300950C8F /* Extensions.swift */; };
		C679A60F286DCC9300950C8F /* TabBarView.swift in Sources */ = {isa = PBXBuildFile; fileRef = C679A60E286DCC9300950C8F /* TabBarView.swift */; };
		C679A613286DDEE300950C8F /* Course.swift in Sources */ = {isa = PBXBuildFile; fileRef = C679A611286DDEE300950C8F /* Course.swift */; };
		C679A614286DDEE300950C8F /* CourseSection.swift in Sources */ = {isa = PBXBuildFile; fileRef = C679A612286DDEE300950C8F /* CourseSection.swift */; };
		C679A616286DDF2B00950C8F /* VCard.swift in Sources */ = {isa = PBXBuildFile; fileRef = C679A615286DDF2B00950C8F /* VCard.swift */; };
/* End PBXBuildFile section */

/* Begin PBXFileReference section */
		C640ED25286ED5CE00D7FB6D /* HCard.swift */ = {isa = PBXFileReference; lastKnownFileType = sourcecode.swift; path = HCard.swift; sourceTree = "<group>"; };
		C640ED27286EDB6700D7FB6D /* HomeView.swift */ = {isa = PBXFileReference; lastKnownFileType = sourcecode.swift; path = HomeView.swift; sourceTree = "<group>"; };
		C640ED29286EDFB300D7FB6D /* SideMenu.swift */ = {isa = PBXFileReference; lastKnownFileType = sourcecode.swift; path = SideMenu.swift; sourceTree = "<group>"; };
		C640ED2B286EF19600D7FB6D /* MenuRow.swift */ = {isa = PBXFileReference; lastKnownFileType = sourcecode.swift; path = MenuRow.swift; sourceTree = "<group>"; };
		C679A5D3286D814400950C8F /* RiveAnimation.app */ = {isa = PBXFileReference; explicitFileType = wrapper.application; includeInIndex = 0; path = RiveAnimation.app; sourceTree = BUILT_PRODUCTS_DIR; };
		C679A5D6286D814400950C8F /* RiveAnimationApp.swift */ = {isa = PBXFileReference; lastKnownFileType = sourcecode.swift; path = RiveAnimationApp.swift; sourceTree = "<group>"; };
		C679A5D8286D814400950C8F /* ContentView.swift */ = {isa = PBXFileReference; lastKnownFileType = sourcecode.swift; path = ContentView.swift; sourceTree = "<group>"; };
		C679A5DA286D814600950C8F /* Assets.xcassets */ = {isa = PBXFileReference; lastKnownFileType = folder.assetcatalog; path = Assets.xcassets; sourceTree = "<group>"; };
		C679A5DD286D814600950C8F /* Preview Assets.xcassets */ = {isa = PBXFileReference; lastKnownFileType = folder.assetcatalog; path = "Preview Assets.xcassets"; sourceTree = "<group>"; };
		C679A5E9286D82EA00950C8F /* OnboardingView.swift */ = {isa = PBXFileReference; lastKnownFileType = sourcecode.swift; path = OnboardingView.swift; sourceTree = "<group>"; };
		C679A5EB286D843200950C8F /* shapes.riv */ = {isa = PBXFileReference; lastKnownFileType = file; path = shapes.riv; sourceTree = "<group>"; };
		C679A5ED286D845300950C8F /* menu_button.riv */ = {isa = PBXFileReference; lastKnownFileType = file; path = menu_button.riv; sourceTree = "<group>"; };
		C679A5EE286D845300950C8F /* confetti.riv */ = {isa = PBXFileReference; lastKnownFileType = file; path = confetti.riv; sourceTree = "<group>"; };
		C679A5EF286D845300950C8F /* house.riv */ = {isa = PBXFileReference; lastKnownFileType = file; path = house.riv; sourceTree = "<group>"; };
		C679A5F0286D845300950C8F /* icons.riv */ = {isa = PBXFileReference; lastKnownFileType = file; path = icons.riv; sourceTree = "<group>"; };
		C679A5F1286D845300950C8F /* check.riv */ = {isa = PBXFileReference; lastKnownFileType = file; path = check.riv; sourceTree = "<group>"; };
		C679A5F2286D845300950C8F /* button.riv */ = {isa = PBXFileReference; lastKnownFileType = file; path = button.riv; sourceTree = "<group>"; };
		C679A5FD286DA94000950C8F /* Inter-Regular.ttf */ = {isa = PBXFileReference; lastKnownFileType = file; path = "Inter-Regular.ttf"; sourceTree = "<group>"; };
		C679A5FE286DA94000950C8F /* Poppins-Bold.ttf */ = {isa = PBXFileReference; lastKnownFileType = file; path = "Poppins-Bold.ttf"; sourceTree = "<group>"; };
		C679A5FF286DA94000950C8F /* Inter-SemiBold.ttf */ = {isa = PBXFileReference; lastKnownFileType = file; path = "Inter-SemiBold.ttf"; sourceTree = "<group>"; };
		C679A603286DA98C00950C8F /* Info.plist */ = {isa = PBXFileReference; lastKnownFileType = text.plist; path = Info.plist; sourceTree = "<group>"; };
		C679A604286DAADD00950C8F /* CustomFont.swift */ = {isa = PBXFileReference; lastKnownFileType = sourcecode.swift; path = CustomFont.swift; sourceTree = "<group>"; };
		C679A606286DB13D00950C8F /* SignInView.swift */ = {isa = PBXFileReference; lastKnownFileType = sourcecode.swift; path = SignInView.swift; sourceTree = "<group>"; };
		C679A608286DB5A000950C8F /* CustomTextField.swift */ = {isa = PBXFileReference; lastKnownFileType = sourcecode.swift; path = CustomTextField.swift; sourceTree = "<group>"; };
		C679A60A286DB87300950C8F /* Extensions.swift */ = {isa = PBXFileReference; lastKnownFileType = sourcecode.swift; path = Extensions.swift; sourceTree = "<group>"; };
		C679A60E286DCC9300950C8F /* TabBarView.swift */ = {isa = PBXFileReference; lastKnownFileType = sourcecode.swift; path = TabBarView.swift; sourceTree = "<group>"; };
		C679A611286DDEE300950C8F /* Course.swift */ = {isa = PBXFileReference; fileEncoding = 4; lastKnownFileType = sourcecode.swift; path = Course.swift; sourceTree = "<group>"; };
		C679A612286DDEE300950C8F /* CourseSection.swift */ = {isa = PBXFileReference; fileEncoding = 4; lastKnownFileType = sourcecode.swift; path = CourseSection.swift; sourceTree = "<group>"; };
		C679A615286DDF2B00950C8F /* VCard.swift */ = {isa = PBXFileReference; lastKnownFileType = sourcecode.swift; path = VCard.swift; sourceTree = "<group>"; };
/* End PBXFileReference section */

/* Begin PBXFrameworksBuildPhase section */
		C679A5D0286D814400950C8F /* Frameworks */ = {
			isa = PBXFrameworksBuildPhase;
			buildActionMask = 2147483647;
			files = (
				C679A5E8286D827800950C8F /* RiveRuntime in Frameworks */,
			);
			runOnlyForDeploymentPostprocessing = 0;
		};
/* End PBXFrameworksBuildPhase section */

/* Begin PBXGroup section */
		C640ED2D286F089000D7FB6D /* Components */ = {
			isa = PBXGroup;
			children = (
				C679A615286DDF2B00950C8F /* VCard.swift */,
				C640ED25286ED5CE00D7FB6D /* HCard.swift */,
				C640ED2B286EF19600D7FB6D /* MenuRow.swift */,
			);
			path = Components;
			sourceTree = "<group>";
		};
		C640ED2E286F08E700D7FB6D /* Navigations */ = {
			isa = PBXGroup;
			children = (
				C679A5D8286D814400950C8F /* ContentView.swift */,
				C679A60E286DCC9300950C8F /* TabBarView.swift */,
				C640ED29286EDFB300D7FB6D /* SideMenu.swift */,
			);
			path = Navigations;
			sourceTree = "<group>";
		};
		C679A5CA286D814400950C8F = {
			isa = PBXGroup;
			children = (
				C679A5D5286D814400950C8F /* RiveAnimation */,
				C679A5D4286D814400950C8F /* Products */,
			);
			sourceTree = "<group>";
		};
		C679A5D4286D814400950C8F /* Products */ = {
			isa = PBXGroup;
			children = (
				C679A5D3286D814400950C8F /* RiveAnimation.app */,
			);
			name = Products;
			sourceTree = "<group>";
		};
		C679A5D5286D814400950C8F /* RiveAnimation */ = {
			isa = PBXGroup;
			children = (
				C679A610286DDEC700950C8F /* Model */,
				C679A603286DA98C00950C8F /* Info.plist */,
				C679A5FC286DA93400950C8F /* Fonts */,
				C679A5D6286D814400950C8F /* RiveAnimationApp.swift */,
				C640ED2E286F08E700D7FB6D /* Navigations */,
				C679A5DA286D814600950C8F /* Assets.xcassets */,
				C679A5F9286D845C00950C8F /* RiveAssets */,
				C679A5DC286D814600950C8F /* Preview Content */,
				C640ED2D286F089000D7FB6D /* Components */,
				C679A60C286DC9A000950C8F /* Views */,
				C679A60D286DC9B100950C8F /* Styles */,
			);
			path = RiveAnimation;
			sourceTree = "<group>";
		};
		C679A5DC286D814600950C8F /* Preview Content */ = {
			isa = PBXGroup;
			children = (
				C679A5DD286D814600950C8F /* Preview Assets.xcassets */,
			);
			path = "Preview Content";
			sourceTree = "<group>";
		};
		C679A5F9286D845C00950C8F /* RiveAssets */ = {
			isa = PBXGroup;
			children = (
				C679A5EB286D843200950C8F /* shapes.riv */,
				C679A5F2286D845300950C8F /* button.riv */,
				C679A5F1286D845300950C8F /* check.riv */,
				C679A5EE286D845300950C8F /* confetti.riv */,
				C679A5EF286D845300950C8F /* house.riv */,
				C679A5F0286D845300950C8F /* icons.riv */,
				C679A5ED286D845300950C8F /* menu_button.riv */,
			);
			path = RiveAssets;
			sourceTree = "<group>";
		};
		C679A5FC286DA93400950C8F /* Fonts */ = {
			isa = PBXGroup;
			children = (
				C679A5FD286DA94000950C8F /* Inter-Regular.ttf */,
				C679A5FF286DA94000950C8F /* Inter-SemiBold.ttf */,
				C679A5FE286DA94000950C8F /* Poppins-Bold.ttf */,
			);
			path = Fonts;
			sourceTree = "<group>";
		};
		C679A60C286DC9A000950C8F /* Views */ = {
			isa = PBXGroup;
			children = (
				C679A5E9286D82EA00950C8F /* OnboardingView.swift */,
				C679A606286DB13D00950C8F /* SignInView.swift */,
				C640ED27286EDB6700D7FB6D /* HomeView.swift */,
			);
			path = Views;
			sourceTree = "<group>";
		};
		C679A60D286DC9B100950C8F /* Styles */ = {
			isa = PBXGroup;
			children = (
				C679A604286DAADD00950C8F /* CustomFont.swift */,
				C679A608286DB5A000950C8F /* CustomTextField.swift */,
				C679A60A286DB87300950C8F /* Extensions.swift */,
			);
			path = Styles;
			sourceTree = "<group>";
		};
		C679A610286DDEC700950C8F /* Model */ = {
			isa = PBXGroup;
			children = (
				C679A611286DDEE300950C8F /* Course.swift */,
				C679A612286DDEE300950C8F /* CourseSection.swift */,
			);
			path = Model;
			sourceTree = "<group>";
		};
/* End PBXGroup section */

/* Begin PBXNativeTarget section */
		C679A5D2286D814400950C8F /* RiveAnimation */ = {
			isa = PBXNativeTarget;
			buildConfigurationList = C679A5E1286D814600950C8F /* Build configuration list for PBXNativeTarget "RiveAnimation" */;
			buildPhases = (
				C679A5CF286D814400950C8F /* Sources */,
				C679A5D0286D814400950C8F /* Frameworks */,
				C679A5D1286D814400950C8F /* Resources */,
			);
			buildRules = (
			);
			dependencies = (
			);
			name = RiveAnimation;
			packageProductDependencies = (
				C679A5E7286D827800950C8F /* RiveRuntime */,
			);
			productName = RiveAnimation;
			productReference = C679A5D3286D814400950C8F /* RiveAnimation.app */;
			productType = "com.apple.product-type.application";
		};
/* End PBXNativeTarget section */

/* Begin PBXProject section */
		C679A5CB286D814400950C8F /* Project object */ = {
			isa = PBXProject;
			attributes = {
				BuildIndependentTargetsInParallel = 1;
				LastSwiftUpdateCheck = 1330;
				LastUpgradeCheck = 1330;
				TargetAttributes = {
					C679A5D2286D814400950C8F = {
						CreatedOnToolsVersion = 13.3;
					};
				};
			};
			buildConfigurationList = C679A5CE286D814400950C8F /* Build configuration list for PBXProject "RiveAnimation" */;
			compatibilityVersion = "Xcode 13.0";
			developmentRegion = en;
			hasScannedForEncodings = 0;
			knownRegions = (
				en,
				Base,
			);
			mainGroup = C679A5CA286D814400950C8F;
			packageReferences = (
				C679A5E6286D827800950C8F /* XCRemoteSwiftPackageReference "rive-ios" */,
			);
			productRefGroup = C679A5D4286D814400950C8F /* Products */;
			projectDirPath = "";
			projectRoot = "";
			targets = (
				C679A5D2286D814400950C8F /* RiveAnimation */,
			);
		};
/* End PBXProject section */

/* Begin PBXResourcesBuildPhase section */
		C679A5D1286D814400950C8F /* Resources */ = {
			isa = PBXResourcesBuildPhase;
			buildActionMask = 2147483647;
			files = (
				C679A602286DA94000950C8F /* Inter-SemiBold.ttf in Resources */,
				C679A5DE286D814600950C8F /* Preview Assets.xcassets in Resources */,
				C679A5EC286D843200950C8F /* shapes.riv in Resources */,
				C679A5F6286D845300950C8F /* icons.riv in Resources */,
				C679A5F8286D845300950C8F /* button.riv in Resources */,
				C679A5F3286D845300950C8F /* menu_button.riv in Resources */,
				C679A5DB286D814600950C8F /* Assets.xcassets in Resources */,
				C679A600286DA94000950C8F /* Inter-Regular.ttf in Resources */,
				C679A601286DA94000950C8F /* Poppins-Bold.ttf in Resources */,
				C679A5F5286D845300950C8F /* house.riv in Resources */,
				C679A5F7286D845300950C8F /* check.riv in Resources */,
				C679A5F4286D845300950C8F /* confetti.riv in Resources */,
			);
			runOnlyForDeploymentPostprocessing = 0;
		};
/* End PBXResourcesBuildPhase section */

/* Begin PBXSourcesBuildPhase section */
		C679A5CF286D814400950C8F /* Sources */ = {
			isa = PBXSourcesBuildPhase;
			buildActionMask = 2147483647;
			files = (
				C640ED26286ED5CE00D7FB6D /* HCard.swift in Sources */,
				C679A613286DDEE300950C8F /* Course.swift in Sources */,
				C640ED28286EDB6700D7FB6D /* HomeView.swift in Sources */,
				C640ED2A286EDFB300D7FB6D /* SideMenu.swift in Sources */,
				C679A5EA286D82EA00950C8F /* OnboardingView.swift in Sources */,
				C679A605286DAADD00950C8F /* CustomFont.swift in Sources */,
				C679A60F286DCC9300950C8F /* TabBarView.swift in Sources */,
				C679A614286DDEE300950C8F /* CourseSection.swift in Sources */,
				C679A616286DDF2B00950C8F /* VCard.swift in Sources */,
				C679A609286DB5A000950C8F /* CustomTextField.swift in Sources */,
				C679A5D9286D814400950C8F /* ContentView.swift in Sources */,
				C679A5D7286D814400950C8F /* RiveAnimationApp.swift in Sources */,
				C679A607286DB13D00950C8F /* SignInView.swift in Sources */,
				C679A60B286DB87300950C8F /* Extensions.swift in Sources */,
				C640ED2C286EF19600D7FB6D /* MenuRow.swift in Sources */,
			);
			runOnlyForDeploymentPostprocessing = 0;
		};
/* End PBXSourcesBuildPhase section */

/* Begin XCBuildConfiguration section */
		C679A5DF286D814600950C8F /* Debug */ = {
			isa = XCBuildConfiguration;
			buildSettings = {
				ALWAYS_SEARCH_USER_PATHS = NO;
				CLANG_ANALYZER_NONNULL = YES;
				CLANG_ANALYZER_NUMBER_OBJECT_CONVERSION = YES_AGGRESSIVE;
				CLANG_CXX_LANGUAGE_STANDARD = "gnu++17";
				CLANG_ENABLE_MODULES = YES;
				CLANG_ENABLE_OBJC_ARC = YES;
				CLANG_ENABLE_OBJC_WEAK = YES;
				CLANG_WARN_BLOCK_CAPTURE_AUTORELEASING = YES;
				CLANG_WARN_BOOL_CONVERSION = YES;
				CLANG_WARN_COMMA = YES;
				CLANG_WARN_CONSTANT_CONVERSION = YES;
				CLANG_WARN_DEPRECATED_OBJC_IMPLEMENTATIONS = YES;
				CLANG_WARN_DIRECT_OBJC_ISA_USAGE = YES_ERROR;
				CLANG_WARN_DOCUMENTATION_COMMENTS = YES;
				CLANG_WARN_EMPTY_BODY = YES;
				CLANG_WARN_ENUM_CONVERSION = YES;
				CLANG_WARN_INFINITE_RECURSION = YES;
				CLANG_WARN_INT_CONVERSION = YES;
				CLANG_WARN_NON_LITERAL_NULL_CONVERSION = YES;
				CLANG_WARN_OBJC_IMPLICIT_RETAIN_SELF = YES;
				CLANG_WARN_OBJC_LITERAL_CONVERSION = YES;
				CLANG_WARN_OBJC_ROOT_CLASS = YES_ERROR;
				CLANG_WARN_QUOTED_INCLUDE_IN_FRAMEWORK_HEADER = YES;
				CLANG_WARN_RANGE_LOOP_ANALYSIS = YES;
				CLANG_WARN_STRICT_PROTOTYPES = YES;
				CLANG_WARN_SUSPICIOUS_MOVE = YES;
				CLANG_WARN_UNGUARDED_AVAILABILITY = YES_AGGRESSIVE;
				CLANG_WARN_UNREACHABLE_CODE = YES;
				CLANG_WARN__DUPLICATE_METHOD_MATCH = YES;
				COPY_PHASE_STRIP = NO;
				DEBUG_INFORMATION_FORMAT = dwarf;
				ENABLE_STRICT_OBJC_MSGSEND = YES;
				ENABLE_TESTABILITY = YES;
				GCC_C_LANGUAGE_STANDARD = gnu11;
				GCC_DYNAMIC_NO_PIC = NO;
				GCC_NO_COMMON_BLOCKS = YES;
				GCC_OPTIMIZATION_LEVEL = 0;
				GCC_PREPROCESSOR_DEFINITIONS = (
					"DEBUG=1",
					"$(inherited)",
				);
				GCC_WARN_64_TO_32_BIT_CONVERSION = YES;
				GCC_WARN_ABOUT_RETURN_TYPE = YES_ERROR;
				GCC_WARN_UNDECLARED_SELECTOR = YES;
				GCC_WARN_UNINITIALIZED_AUTOS = YES_AGGRESSIVE;
				GCC_WARN_UNUSED_FUNCTION = YES;
				GCC_WARN_UNUSED_VARIABLE = YES;
				IPHONEOS_DEPLOYMENT_TARGET = 15.4;
				MTL_ENABLE_DEBUG_INFO = INCLUDE_SOURCE;
				MTL_FAST_MATH = YES;
				ONLY_ACTIVE_ARCH = YES;
				SDKROOT = iphoneos;
				SWIFT_ACTIVE_COMPILATION_CONDITIONS = DEBUG;
				SWIFT_OPTIMIZATION_LEVEL = "-Onone";
			};
			name = Debug;
		};
		C679A5E0286D814600950C8F /* Release */ = {
			isa = XCBuildConfiguration;
			buildSettings = {
				ALWAYS_SEARCH_USER_PATHS = NO;
				CLANG_ANALYZER_NONNULL = YES;
				CLANG_ANALYZER_NUMBER_OBJECT_CONVERSION = YES_AGGRESSIVE;
				CLANG_CXX_LANGUAGE_STANDARD = "gnu++17";
				CLANG_ENABLE_MODULES = YES;
				CLANG_ENABLE_OBJC_ARC = YES;
				CLANG_ENABLE_OBJC_WEAK = YES;
				CLANG_WARN_BLOCK_CAPTURE_AUTORELEASING = YES;
				CLANG_WARN_BOOL_CONVERSION = YES;
				CLANG_WARN_COMMA = YES;
				CLANG_WARN_CONSTANT_CONVERSION = YES;
				CLANG_WARN_DEPRECATED_OBJC_IMPLEMENTATIONS = YES;
				CLANG_WARN_DIRECT_OBJC_ISA_USAGE = YES_ERROR;
				CLANG_WARN_DOCUMENTATION_COMMENTS = YES;
				CLANG_WARN_EMPTY_BODY = YES;
				CLANG_WARN_ENUM_CONVERSION = YES;
				CLANG_WARN_INFINITE_RECURSION = YES;
				CLANG_WARN_INT_CONVERSION = YES;
				CLANG_WARN_NON_LITERAL_NULL_CONVERSION = YES;
				CLANG_WARN_OBJC_IMPLICIT_RETAIN_SELF = YES;
				CLANG_WARN_OBJC_LITERAL_CONVERSION = YES;
				CLANG_WARN_OBJC_ROOT_CLASS = YES_ERROR;
				CLANG_WARN_QUOTED_INCLUDE_IN_FRAMEWORK_HEADER = YES;
				CLANG_WARN_RANGE_LOOP_ANALYSIS = YES;
				CLANG_WARN_STRICT_PROTOTYPES = YES;
				CLANG_WARN_SUSPICIOUS_MOVE = YES;
				CLANG_WARN_UNGUARDED_AVAILABILITY = YES_AGGRESSIVE;
				CLANG_WARN_UNREACHABLE_CODE = YES;
				CLANG_WARN__DUPLICATE_METHOD_MATCH = YES;
				COPY_PHASE_STRIP = NO;
				DEBUG_INFORMATION_FORMAT = "dwarf-with-dsym";
				ENABLE_NS_ASSERTIONS = NO;
				ENABLE_STRICT_OBJC_MSGSEND = YES;
				GCC_C_LANGUAGE_STANDARD = gnu11;
				GCC_NO_COMMON_BLOCKS = YES;
				GCC_WARN_64_TO_32_BIT_CONVERSION = YES;
				GCC_WARN_ABOUT_RETURN_TYPE = YES_ERROR;
				GCC_WARN_UNDECLARED_SELECTOR = YES;
				GCC_WARN_UNINITIALIZED_AUTOS = YES_AGGRESSIVE;
				GCC_WARN_UNUSED_FUNCTION = YES;
				GCC_WARN_UNUSED_VARIABLE = YES;
				IPHONEOS_DEPLOYMENT_TARGET = 15.4;
				MTL_ENABLE_DEBUG_INFO = NO;
				MTL_FAST_MATH = YES;
				SDKROOT = iphoneos;
				SWIFT_COMPILATION_MODE = wholemodule;
				SWIFT_OPTIMIZATION_LEVEL = "-O";
				VALIDATE_PRODUCT = YES;
			};
			name = Release;
		};
		C679A5E2286D814600950C8F /* Debug */ = {
			isa = XCBuildConfiguration;
			buildSettings = {
				ASSETCATALOG_COMPILER_APPICON_NAME = AppIcon;
				ASSETCATALOG_COMPILER_GLOBAL_ACCENT_COLOR_NAME = AccentColor;
				CODE_SIGN_STYLE = Automatic;
				CURRENT_PROJECT_VERSION = 1;
				DEVELOPMENT_ASSET_PATHS = "\"RiveAnimation/Preview Content\"";
				ENABLE_PREVIEWS = YES;
				GENERATE_INFOPLIST_FILE = YES;
				INFOPLIST_FILE = RiveAnimation/Info.plist;
				INFOPLIST_KEY_UIApplicationSceneManifest_Generation = YES;
				INFOPLIST_KEY_UIApplicationSupportsIndirectInputEvents = YES;
				INFOPLIST_KEY_UILaunchScreen_Generation = YES;
				INFOPLIST_KEY_UISupportedInterfaceOrientations = UIInterfaceOrientationPortrait;
				INFOPLIST_KEY_UISupportedInterfaceOrientations_iPad = "UIInterfaceOrientationPortrait UIInterfaceOrientationPortraitUpsideDown UIInterfaceOrientationLandscapeLeft UIInterfaceOrientationLandscapeRight";
				INFOPLIST_KEY_UISupportedInterfaceOrientations_iPhone = "UIInterfaceOrientationPortrait UIInterfaceOrientationLandscapeLeft UIInterfaceOrientationLandscapeRight";
				IPHONEOS_DEPLOYMENT_TARGET = 15.0;
				LD_RUNPATH_SEARCH_PATHS = (
					"$(inherited)",
					"@executable_path/Frameworks",
				);
				MARKETING_VERSION = 1.0;
				PRODUCT_BUNDLE_IDENTIFIER = com.practice.swiftui.RiveAnimation;
				PRODUCT_NAME = "$(TARGET_NAME)";
				SWIFT_EMIT_LOC_STRINGS = YES;
				SWIFT_VERSION = 5.0;
				TARGETED_DEVICE_FAMILY = 1;
			};
			name = Debug;
		};
		C679A5E3286D814600950C8F /* Release */ = {
			isa = XCBuildConfiguration;
			buildSettings = {
				ASSETCATALOG_COMPILER_APPICON_NAME = AppIcon;
				ASSETCATALOG_COMPILER_GLOBAL_ACCENT_COLOR_NAME = AccentColor;
				CODE_SIGN_STYLE = Automatic;
				CURRENT_PROJECT_VERSION = 1;
				DEVELOPMENT_ASSET_PATHS = "\"RiveAnimation/Preview Content\"";
				ENABLE_PREVIEWS = YES;
				GENERATE_INFOPLIST_FILE = YES;
				INFOPLIST_FILE = RiveAnimation/Info.plist;
				INFOPLIST_KEY_UIApplicationSceneManifest_Generation = YES;
				INFOPLIST_KEY_UIApplicationSupportsIndirectInputEvents = YES;
				INFOPLIST_KEY_UILaunchScreen_Generation = YES;
				INFOPLIST_KEY_UISupportedInterfaceOrientations = UIInterfaceOrientationPortrait;
				INFOPLIST_KEY_UISupportedInterfaceOrientations_iPad = "UIInterfaceOrientationPortrait UIInterfaceOrientationPortraitUpsideDown UIInterfaceOrientationLandscapeLeft UIInterfaceOrientationLandscapeRight";
				INFOPLIST_KEY_UISupportedInterfaceOrientations_iPhone = "UIInterfaceOrientationPortrait UIInterfaceOrientationLandscapeLeft UIInterfaceOrientationLandscapeRight";
				IPHONEOS_DEPLOYMENT_TARGET = 15.0;
				LD_RUNPATH_SEARCH_PATHS = (
					"$(inherited)",
					"@executable_path/Frameworks",
				);
				MARKETING_VERSION = 1.0;
				PRODUCT_BUNDLE_IDENTIFIER = com.practice.swiftui.RiveAnimation;
				PRODUCT_NAME = "$(TARGET_NAME)";
				SWIFT_EMIT_LOC_STRINGS = YES;
				SWIFT_VERSION = 5.0;
				TARGETED_DEVICE_FAMILY = 1;
			};
			name = Release;
		};
/* End XCBuildConfiguration section */

/* Begin XCConfigurationList section */
		C679A5CE286D814400950C8F /* Build configuration list for PBXProject "RiveAnimation" */ = {
			isa = XCConfigurationList;
			buildConfigurations = (
				C679A5DF286D814600950C8F /* Debug */,
				C679A5E0286D814600950C8F /* Release */,
			);
			defaultConfigurationIsVisible = 0;
			defaultConfigurationName = Release;
		};
		C679A5E1286D814600950C8F /* Build configuration list for PBXNativeTarget "RiveAnimation" */ = {
			isa = XCConfigurationList;
			buildConfigurations = (
				C679A5E2286D814600950C8F /* Debug */,
				C679A5E3286D814600950C8F /* Release */,
			);
			defaultConfigurationIsVisible = 0;
			defaultConfigurationName = Release;
		};
/* End XCConfigurationList section */

/* Begin XCRemoteSwiftPackageReference section */
		C679A5E6286D827800950C8F /* XCRemoteSwiftPackageReference "rive-ios" */ = {
			isa = XCRemoteSwiftPackageReference;
			repositoryURL = "https://github.com/rive-app/rive-ios";
			requirement = {
				kind = upToNextMajorVersion;
				minimumVersion = 2.0.0;
			};
		};
/* End XCRemoteSwiftPackageReference section */

/* Begin XCSwiftPackageProductDependency section */
		C679A5E7286D827800950C8F /* RiveRuntime */ = {
			isa = XCSwiftPackageProductDependency;
			package = C679A5E6286D827800950C8F /* XCRemoteSwiftPackageReference "rive-ios" */;
			productName = RiveRuntime;
		};
/* End XCSwiftPackageProductDependency section */
	};
	rootObject = C679A5CB286D814400950C8F /* Project object */;
}
